{
  "name": "thozhan",
  "version": "0.0.1",
  "lockfileVersion": 1,
  "requires": true,
  "dependencies": {
    "@ionic/core": {
      "version": "5.5.3",
      "resolved": "https://registry.npmjs.org/@ionic/core/-/core-5.5.3.tgz",
      "integrity": "sha512-GkTYhIEjg+ImYNscWnZRaIVk4mbKFzs3rhCmVCh7W/RJfp1TUPix+FM6J62WKCM6nBdHR76XmzqLNHrlULLxWg==",
      "dev": true,
      "requires": {
        "ionicons": "^5.1.2",
        "tslib": "^1.10.0"
      }
    },
    "@stencil/core": {
      "version": "2.4.0",
      "resolved": "https://registry.npmjs.org/@stencil/core/-/core-2.4.0.tgz",
      "integrity": "sha512-gU6+Yyd6O0KrCSS/O6j8KKqmRo+/Dcs2fI0+APCpbAWK+nqhwDISpdnSEfGDCLMoAC08XOZCycBRk2K1VGnEcg==",
      "dev": true
    },
    "ionicons": {
      "version": "5.4.0",
      "resolved": "https://registry.npmjs.org/ionicons/-/ionicons-5.4.0.tgz",
      "integrity": "sha512-q8jG3vB87lXz3/OokEDoFsEQVUqdyHq3w2r5bp1OUwODus/njuc8MxjlBE7Z1RLkf6NbNaG+/kJTx3dsCJQwQQ==",
      "dev": true
    },
    "tslib": {
      "version": "1.14.1",
      "resolved": "https://registry.npmjs.org/tslib/-/tslib-1.14.1.tgz",
      "integrity": "sha512-Xni35NKzjgMrwevysHTCArtLDpPvye8zV/0E4EyYn43P7/7qvQwPh9BGkHewbMulVntbigmcT7rdX3BNo9wRJg==",
      "dev": true
    }
  }
}
